# Generated by conda-lock.
# platform: osx-arm64
# input_hash: 7c7356b3af0a0547aeb965a0fa755dc08a97b5b0aca8386a8384122be26657c1
@EXPLICIT
https://conda.anaconda.org/conda-forge/osx-arm64/ca-certificates-2024.8.30-hf0a4a13_0.conda#40dec13fd8348dbe303e57be74bd3d35
https://conda.anaconda.org/conda-forge/osx-arm64/libffi-3.4.2-h3422bc3_5.tar.bz2#086914b672be056eb70fd4285b6783b6
https://conda.anaconda.org/conda-forge/osx-arm64/python_abi-3.9-5_cp39.conda#1ca4a5e8290873da8963182d9673299d
https://conda.anaconda.org/conda-forge/noarch/tzdata-2024b-hc8b5060_0.conda#8ac3367aafb1cc0a068483c580af8015
https://conda.anaconda.org/conda-forge/osx-arm64/xz-5.2.6-h57fd34a_0.tar.bz2#39c6b54e94014701dd157f4f576ed211
https://conda.anaconda.org/conda-forge/osx-arm64/bzip2-1.0.8-h99b78c6_7.conda#fc6948412dbbbe9a4c9ddbbcfe0a79ab
https://conda.anaconda.org/conda-forge/osx-arm64/libcxx-19.1.4-ha82da77_0.conda#a2d3d484d95889fccdd09498d8f6bf9a
https://conda.anaconda.org/conda-forge/osx-arm64/libzlib-1.3.1-h8359307_2.conda#369964e85dc26bfe78f41399b366c435
https://conda.anaconda.org/conda-forge/osx-arm64/llvm-openmp-19.1.4-hdb05f8b_0.conda#76ca179ec970bea6e275e2fa477c2d3c
https://conda.anaconda.org/conda-forge/osx-arm64/ncurses-6.5-h7bae524_1.conda#cb2b0ea909b97b3d70cd3921d1445e1a
https://conda.anaconda.org/conda-forge/osx-arm64/openssl-3.4.0-h39f12f2_0.conda#df307bbc703324722df0293c9ca2e418
https://conda.anaconda.org/conda-forge/osx-arm64/libgfortran5-13.2.0-hf226fd6_3.conda#66ac81d54e95c534ae488726c1f698ea
https://conda.anaconda.org/conda-forge/osx-arm64/libsqlite-3.47.0-hbaaea75_1.conda#07a14fbe439eef078cc479deca321161
https://conda.anaconda.org/conda-forge/osx-arm64/readline-8.2-h92ec313_1.conda#8cbb776a2f641b943d413b3e19df71f4
https://conda.anaconda.org/conda-forge/osx-arm64/tk-8.6.13-h5083fa2_1.conda#b50a57ba89c32b62428b71a875291c9b
https://conda.anaconda.org/conda-forge/osx-arm64/libgfortran-5.0.0-13_2_0_hd922786_3.conda#4a55d9e169114b2b90d3ec4604cd7bbf
https://conda.anaconda.org/conda-forge/osx-arm64/python-3.9.20-h9e33284_1_cpython.conda#708bd3a3616e42becb50d77313def984
https://conda.anaconda.org/conda-forge/osx-arm64/libopenblas-0.3.28-openmp_hf332438_1.conda#40803a48d947c8639da6704e9a44d3ce
https://conda.anaconda.org/conda-forge/noarch/pytz-2024.2-pyhd8ed1ab_0.conda#260009d03c9d5c0f111904d851f053dc
https://conda.anaconda.org/conda-forge/osx-arm64/setuptools-59.8.0-py39h2804cbe_1.tar.bz2#27c3effc9a6ae935378b603157461239
https://conda.anaconda.org/conda-forge/noarch/six-1.16.0-pyh6c4a22f_0.tar.bz2#e5f25f8dbc060e9a8d912e432202afc2
https://conda.anaconda.org/conda-forge/osx-arm64/libblas-3.9.0-25_osxarm64_openblas.conda#f8cf4d920ff36ce471619010eff59cac
https://conda.anaconda.org/conda-forge/noarch/python-dateutil-2.9.0.post0-pyhff2d567_0.conda#b6dfd90a2141e573e4b6a81630b56df5
https://conda.anaconda.org/conda-forge/osx-arm64/libcblas-3.9.0-25_osxarm64_openblas.conda#4df0fae81f0b5bf47d48c882b086da11
https://conda.anaconda.org/conda-forge/osx-arm64/liblapack-3.9.0-25_osxarm64_openblas.conda#19bbddfec972d401838330453186108d
https://conda.anaconda.org/conda-forge/osx-arm64/numpy-1.21.2-py39h1f3b974_0.tar.bz2#ac2aa4ceda7e2bbaff132463f69519e9
https://conda.anaconda.org/conda-forge/osx-arm64/pandas-1.3.3-py39h7f752ed_0.tar.bz2#abdb4f343f430973b74e4149193e5352
