# Generated by conda-lock.
# platform: win-64
# input_hash: fe7e85650326397c6064a3a6caf636f1c208162eea53e29969009bd9d09f9795
@EXPLICIT
https://conda.anaconda.org/conda-forge/win-64/ca-certificates-2024.8.30-h56e8100_0.conda#4c4fd67c18619be5aa65dc5b6c72e490
https://conda.anaconda.org/conda-forge/win-64/intel-openmp-2024.2.1-h57928b3_1083.conda#2d89243bfb53652c182a7c73182cce4f
https://conda.anaconda.org/conda-forge/win-64/python_abi-3.9-5_cp39.conda#86ba1bbcf9b259d1592201f3c345c810
https://conda.anaconda.org/conda-forge/noarch/tzdata-2024b-hc8b5060_0.conda#8ac3367aafb1cc0a068483c580af8015
https://conda.anaconda.org/conda-forge/win-64/ucrt-10.0.22621.0-h57928b3_1.conda#6797b005cd0f439c4c5c9ac565783700
https://conda.anaconda.org/conda-forge/win-64/libwinpthread-12.0.0.r4.gg4f2fc60ca-h57928b3_8.conda#03cccbba200ee0523bde1f3dad60b1f3
https://conda.anaconda.org/conda-forge/win-64/vc14_runtime-14.42.34433-he29a5d6_23.conda#32b37d0cfa80da34548501cdc913a832
https://conda.anaconda.org/conda-forge/win-64/vc-14.3-ha32ba9b_23.conda#7c10ec3158d1eb4ddff7007c9101adb0
https://conda.anaconda.org/conda-forge/win-64/vs2015_runtime-14.42.34433-hdffcdeb_23.conda#5c176975ca2b8366abad3c97b3cd1e83
https://conda.anaconda.org/conda-forge/win-64/bzip2-1.0.8-h2466b09_7.conda#276e7ffe9ffe39688abc665ef0f45596
https://conda.anaconda.org/conda-forge/win-64/libffi-3.4.2-h8ffe710_5.tar.bz2#2c96d1b6915b408893f9472569dee135
https://conda.anaconda.org/conda-forge/win-64/libiconv-1.17-hcfcfb64_2.conda#e1eb10b1cca179f2baa3601e4efc8712
https://conda.anaconda.org/conda-forge/win-64/libsqlite-3.47.0-h2466b09_1.conda#5b1f36012cc3d09c4eb9f24ad0e2c379
https://conda.anaconda.org/conda-forge/win-64/libzlib-1.3.1-h2466b09_2.conda#41fbfac52c601159df6c01f875de31b9
https://conda.anaconda.org/conda-forge/win-64/openssl-3.4.0-h2466b09_0.conda#d0d805d9b5524a14efb51b3bff965e83
https://conda.anaconda.org/conda-forge/win-64/tk-8.6.13-h5226925_1.conda#fc048363eb8f03cd1737600a5d08aafe
https://conda.anaconda.org/conda-forge/win-64/xz-5.2.6-h8d14728_0.tar.bz2#515d77642eaa3639413c6b1bc3f94219
https://conda.anaconda.org/conda-forge/win-64/libxml2-2.13.5-h442d1da_0.conda#1fbabbec60a3c7c519a5973b06c3b2f4
https://conda.anaconda.org/conda-forge/win-64/python-3.9.20-hfaddaf0_1_cpython.conda#445389d1d311435a90def248c814ddd6
https://conda.anaconda.org/conda-forge/win-64/libhwloc-2.11.2-default_ha69328c_1001.conda#b87a0ac5ab6495d8225db5dc72dd21cd
https://conda.anaconda.org/conda-forge/noarch/pytz-2024.2-pyhd8ed1ab_0.conda#260009d03c9d5c0f111904d851f053dc
https://conda.anaconda.org/conda-forge/win-64/setuptools-59.8.0-py39hcbf5309_1.tar.bz2#47c36361b12024db7cbd86e28435bc3c
https://conda.anaconda.org/conda-forge/noarch/six-1.16.0-pyh6c4a22f_0.tar.bz2#e5f25f8dbc060e9a8d912e432202afc2
https://conda.anaconda.org/conda-forge/noarch/python-dateutil-2.9.0.post0-pyhff2d567_0.conda#b6dfd90a2141e573e4b6a81630b56df5
https://conda.anaconda.org/conda-forge/win-64/tbb-2021.13.0-h62715c5_1.conda#9190dd0a23d925f7602f9628b3aed511
https://conda.anaconda.org/conda-forge/win-64/mkl-2024.2.2-h66d3029_14.conda#f011e7cc21918dc9d1efe0209e27fa16
https://conda.anaconda.org/conda-forge/win-64/libblas-3.9.0-25_win64_mkl.conda#499208e81242efb6e5abc7366c91c816
https://conda.anaconda.org/conda-forge/win-64/libcblas-3.9.0-25_win64_mkl.conda#3ed189ba03a9888a8013aaee0d67c49d
https://conda.anaconda.org/conda-forge/win-64/liblapack-3.9.0-25_win64_mkl.conda#f716ef84564c574e8e74ae725f5d5f93
https://conda.anaconda.org/conda-forge/win-64/numpy-1.21.2-py39h6635163_0.tar.bz2#ebc7a52d3b5d4ea2d02dff2c6aa44820
https://conda.anaconda.org/conda-forge/win-64/pandas-1.3.3-py39h2e25243_0.tar.bz2#a83dd97fab839e25418c5d782b128b1f
